// !$*UTF8*$!
{
	archiveVersion = 1;
	classes = {
	};
	objectVersion = 55;
	objects = {

/* Begin PBXBuildFile section */
		567C4B7A27B605F700669EF6 /* AppDelegate.swift in Sources */ = {isa = PBXBuildFile; fileRef = 567C4B7927B605F700669EF6 /* AppDelegate.swift */; };
		567C4B7C27B605F700669EF6 /* SceneDelegate.swift in Sources */ = {isa = PBXBuildFile; fileRef = 567C4B7B27B605F700669EF6 /* SceneDelegate.swift */; };
		567C4B7E27B605F700669EF6 /* ViewController.swift in Sources */ = {isa = PBXBuildFile; fileRef = 567C4B7D27B605F700669EF6 /* ViewController.swift */; };
		567C4B8127B605F700669EF6 /* Main.storyboard in Resources */ = {isa = PBXBuildFile; fileRef = 567C4B7F27B605F700669EF6 /* Main.storyboard */; };
		567C4B8327B605F900669EF6 /* Assets.xcassets in Resources */ = {isa = PBXBuildFile; fileRef = 567C4B8227B605F900669EF6 /* Assets.xcassets */; };
		567C4B8627B605F900669EF6 /* LaunchScreen.storyboard in Resources */ = {isa = PBXBuildFile; fileRef = 567C4B8427B605F900669EF6 /* LaunchScreen.storyboard */; };
		567C4B9127B605F900669EF6 /* CounterAppTests.swift in Sources */ = {isa = PBXBuildFile; fileRef = 567C4B9027B605F900669EF6 /* CounterAppTests.swift */; };
		567C4B9B27B605F900669EF6 /* CounterAppUITests.swift in Sources */ = {isa = PBXBuildFile; fileRef = 567C4B9A27B605F900669EF6 /* CounterAppUITests.swift */; };
		567C4B9D27B605F900669EF6 /* CounterAppUITestsLaunchTests.swift in Sources */ = {isa = PBXBuildFile; fileRef = 567C4B9C27B605F900669EF6 /* CounterAppUITestsLaunchTests.swift */; };
/* End PBXBuildFile section */

/* Begin PBXContainerItemProxy section */
		567C4B8D27B605F900669EF6 /* PBXContainerItemProxy */ = {
			isa = PBXContainerItemProxy;
			containerPortal = 567C4B6E27B605F700669EF6 /* Project object */;
			proxyType = 1;
			remoteGlobalIDString = 567C4B7527B605F700669EF6;
			remoteInfo = CounterApp;
		};
		567C4B9727B605F900669EF6 /* PBXContainerItemProxy */ = {
			isa = PBXContainerItemProxy;
			containerPortal = 567C4B6E27B605F700669EF6 /* Project object */;
			proxyType = 1;
			remoteGlobalIDString = 567C4B7527B605F700669EF6;
			remoteInfo = CounterApp;
		};
/* End PBXContainerItemProxy section */

/* Begin PBXFileReference section */
		567C4B7627B605F700669EF6 /* CounterApp.app */ = {isa = PBXFileReference; explicitFileType = wrapper.application; includeInIndex = 0; path = CounterApp.app; sourceTree = BUILT_PRODUCTS_DIR; };
		567C4B7927B605F700669EF6 /* AppDelegate.swift */ = {isa = PBXFileReference; lastKnownFileType = sourcecode.swift; path = AppDelegate.swift; sourceTree = "<group>"; };
		567C4B7B27B605F700669EF6 /* SceneDelegate.swift */ = {isa = PBXFileReference; lastKnownFileType = sourcecode.swift; path = SceneDelegate.swift; sourceTree = "<group>"; };
		567C4B7D27B605F700669EF6 /* ViewController.swift */ = {isa = PBXFileReference; lastKnownFileType = sourcecode.swift; path = ViewController.swift; sourceTree = "<group>"; };
		567C4B8027B605F700669EF6 /* Base */ = {isa = PBXFileReference; lastKnownFileType = file.storyboard; name = Base; path = Base.lproj/Main.storyboard; sourceTree = "<group>"; };
		567C4B8227B605F900669EF6 /* Assets.xcassets */ = {isa = PBXFileReference; lastKnownFileType = folder.assetcatalog; path = Assets.xcassets; sourceTree = "<group>"; };
		567C4B8527B605F900669EF6 /* Base */ = {isa = PBXFileReference; lastKnownFileType = file.storyboard; name = Base; path = Base.lproj/LaunchScreen.storyboard; sourceTree = "<group>"; };
		567C4B8727B605F900669EF6 /* Info.plist */ = {isa = PBXFileReference; lastKnownFileType = text.plist.xml; path = Info.plist; sourceTree = "<group>"; };
		567C4B8C27B605F900669EF6 /* CounterAppTests.xctest */ = {isa = PBXFileReference; explicitFileType = wrapper.cfbundle; includeInIndex = 0; path = CounterAppTests.xctest; sourceTree = BUILT_PRODUCTS_DIR; };
		567C4B9027B605F900669EF6 /* CounterAppTests.swift */ = {isa = PBXFileReference; lastKnownFileType = sourcecode.swift; path = CounterAppTests.swift; sourceTree = "<group>"; };
		567C4B9627B605F900669EF6 /* CounterAppUITests.xctest */ = {isa = PBXFileReference; explicitFileType = wrapper.cfbundle; includeInIndex = 0; path = CounterAppUITests.xctest; sourceTree = BUILT_PRODUCTS_DIR; };
		567C4B9A27B605F900669EF6 /* CounterAppUITests.swift */ = {isa = PBXFileReference; lastKnownFileType = sourcecode.swift; path = CounterAppUITests.swift; sourceTree = "<group>"; };
		567C4B9C27B605F900669EF6 /* CounterAppUITestsLaunchTests.swift */ = {isa = PBXFileReference; lastKnownFileType = sourcecode.swift; path = CounterAppUITestsLaunchTests.swift; sourceTree = "<group>"; };
/* End PBXFileReference section */

/* Begin PBXFrameworksBuildPhase section */
		567C4B7327B605F700669EF6 /* Frameworks */ = {
			isa = PBXFrameworksBuildPhase;
			buildActionMask = 2147483647;
			files = (
			);
			runOnlyForDeploymentPostprocessing = 0;
		};
		567C4B8927B605F900669EF6 /* Frameworks */ = {
			isa = PBXFrameworksBuildPhase;
			buildActionMask = 2147483647;
			files = (
			);
			runOnlyForDeploymentPostprocessing = 0;
		};
		567C4B9327B605F900669EF6 /* Frameworks */ = {
			isa = PBXFrameworksBuildPhase;
			buildActionMask = 2147483647;
			files = (
			);
			runOnlyForDeploymentPostprocessing = 0;
		};
/* End PBXFrameworksBuildPhase section */

/* Begin PBXGroup section */
		567C4B6D27B605F700669EF6 = {
			isa = PBXGroup;
			children = (
				567C4B7827B605F700669EF6 /* CounterApp */,
				567C4B8F27B605F900669EF6 /* CounterAppTests */,
				567C4B9927B605F900669EF6 /* CounterAppUITests */,
				567C4B7727B605F700669EF6 /* Products */,
			);
			sourceTree = "<group>";
		};
		567C4B7727B605F700669EF6 /* Products */ = {
			isa = PBXGroup;
			children = (
				567C4B7627B605F700669EF6 /* CounterApp.app */,
				567C4B8C27B605F900669EF6 /* CounterAppTests.xctest */,
				567C4B9627B605F900669EF6 /* CounterAppUITests.xctest */,
			);
			name = Products;
			sourceTree = "<group>";
		};
		567C4B7827B605F700669EF6 /* CounterApp */ = {
			isa = PBXGroup;
			children = (
				567C4B7927B605F700669EF6 /* AppDelegate.swift */,
				567C4B7B27B605F700669EF6 /* SceneDelegate.swift */,
				567C4B7D27B605F700669EF6 /* ViewController.swift */,
				567C4B7F27B605F700669EF6 /* Main.storyboard */,
				567C4B8227B605F900669EF6 /* Assets.xcassets */,
				567C4B8427B605F900669EF6 /* LaunchScreen.storyboard */,
				567C4B8727B605F900669EF6 /* Info.plist */,
			);
			path = CounterApp;
			sourceTree = "<group>";
		};
		567C4B8F27B605F900669EF6 /* CounterAppTests */ = {
			isa = PBXGroup;
			children = (
				567C4B9027B605F900669EF6 /* CounterAppTests.swift */,
			);
			path = CounterAppTests;
			sourceTree = "<group>";
		};
		567C4B9927B605F900669EF6 /* CounterAppUITests */ = {
			isa = PBXGroup;
			children = (
				567C4B9A27B605F900669EF6 /* CounterAppUITests.swift */,
				567C4B9C27B605F900669EF6 /* CounterAppUITestsLaunchTests.swift */,
			);
			path = CounterAppUITests;
			sourceTree = "<group>";
		};
/* End PBXGroup section */

/* Begin PBXNativeTarget section */
		567C4B7527B605F700669EF6 /* CounterApp */ = {
			isa = PBXNativeTarget;
			buildConfigurationList = 567C4BA027B605F900669EF6 /* Build configuration list for PBXNativeTarget "CounterApp" */;
			buildPhases = (
				567C4B7227B605F700669EF6 /* Sources */,
				567C4B7327B605F700669EF6 /* Frameworks */,
				567C4B7427B605F700669EF6 /* Resources */,
			);
			buildRules = (
			);
			dependencies = (
			);
			name = CounterApp;
			productName = CounterApp;
			productReference = 567C4B7627B605F700669EF6 /* CounterApp.app */;
			productType = "com.apple.product-type.application";
		};
		567C4B8B27B605F900669EF6 /* CounterAppTests */ = {
			isa = PBXNativeTarget;
			buildConfigurationList = 567C4BA327B605F900669EF6 /* Build configuration list for PBXNativeTarget "CounterAppTests" */;
			buildPhases = (
				567C4B8827B605F900669EF6 /* Sources */,
				567C4B8927B605F900669EF6 /* Frameworks */,
				567C4B8A27B605F900669EF6 /* Resources */,
			);
			buildRules = (
			);
			dependencies = (
				567C4B8E27B605F900669EF6 /* PBXTargetDependency */,
			);
			name = CounterAppTests;
			productName = CounterAppTests;
			productReference = 567C4B8C27B605F900669EF6 /* CounterAppTests.xctest */;
			productType = "com.apple.product-type.bundle.unit-test";
		};
		567C4B9527B605F900669EF6 /* CounterAppUITests */ = {
			isa = PBXNativeTarget;
			buildConfigurationList = 567C4BA627B605F900669EF6 /* Build configuration list for PBXNativeTarget "CounterAppUITests" */;
			buildPhases = (
				567C4B9227B605F900669EF6 /* Sources */,
				567C4B9327B605F900669EF6 /* Frameworks */,
				567C4B9427B605F900669EF6 /* Resources */,
			);
			buildRules = (
			);
			dependencies = (
				567C4B9827B605F900669EF6 /* PBXTargetDependency */,
			);
			name = CounterAppUITests;
			productName = CounterAppUITests;
			productReference = 567C4B9627B605F900669EF6 /* CounterAppUITests.xctest */;
			productType = "com.apple.product-type.bundle.ui-testing";
		};
/* End PBXNativeTarget section */

/* Begin PBXProject section */
		567C4B6E27B605F700669EF6 /* Project object */ = {
			isa = PBXProject;
			attributes = {
				BuildIndependentTargetsInParallel = 1;
				LastSwiftUpdateCheck = 1320;
				LastUpgradeCheck = 1320;
				TargetAttributes = {
					567C4B7527B605F700669EF6 = {
						CreatedOnToolsVersion = 13.2.1;
					};
					567C4B8B27B605F900669EF6 = {
						CreatedOnToolsVersion = 13.2.1;
						TestTargetID = 567C4B7527B605F700669EF6;
					};
					567C4B9527B605F900669EF6 = {
						CreatedOnToolsVersion = 13.2.1;
						TestTargetID = 567C4B7527B605F700669EF6;
					};
				};
			};
			buildConfigurationList = 567C4B7127B605F700669EF6 /* Build configuration list for PBXProject "CounterApp" */;
			compatibilityVersion = "Xcode 13.0";
			developmentRegion = en;
			hasScannedForEncodings = 0;
			knownRegions = (
				en,
				Base,
			);
			mainGroup = 567C4B6D27B605F700669EF6;
			productRefGroup = 567C4B7727B605F700669EF6 /* Products */;
			projectDirPath = "";
			projectRoot = "";
			targets = (
				567C4B7527B605F700669EF6 /* CounterApp */,
				567C4B8B27B605F900669EF6 /* CounterAppTests */,
				567C4B9527B605F900669EF6 /* CounterAppUITests */,
			);
		};
/* End PBXProject section */

/* Begin PBXResourcesBuildPhase section */
		567C4B7427B605F700669EF6 /* Resources */ = {
			isa = PBXResourcesBuildPhase;
			buildActionMask = 2147483647;
			files = (
				567C4B8627B605F900669EF6 /* LaunchScreen.storyboard in Resources */,
				567C4B8327B605F900669EF6 /* Assets.xcassets in Resources */,
				567C4B8127B605F700669EF6 /* Main.storyboard in Resources */,
			);
			runOnlyForDeploymentPostprocessing = 0;
		};
		567C4B8A27B605F900669EF6 /* Resources */ = {
			isa = PBXResourcesBuildPhase;
			buildActionMask = 2147483647;
			files = (
			);
			runOnlyForDeploymentPostprocessing = 0;
		};
		567C4B9427B605F900669EF6 /* Resources */ = {
			isa = PBXResourcesBuildPhase;
			buildActionMask = 2147483647;
			files = (
			);
			runOnlyForDeploymentPostprocessing = 0;
		};
/* End PBXResourcesBuildPhase section */

/* Begin PBXSourcesBuildPhase section */
		567C4B7227B605F700669EF6 /* Sources */ = {
			isa = PBXSourcesBuildPhase;
			buildActionMask = 2147483647;
			files = (
				567C4B7E27B605F700669EF6 /* ViewController.swift in Sources */,
				567C4B7A27B605F700669EF6 /* AppDelegate.swift in Sources */,
				567C4B7C27B605F700669EF6 /* SceneDelegate.swift in Sources */,
			);
			runOnlyForDeploymentPostprocessing = 0;
		};
		567C4B8827B605F900669EF6 /* Sources */ = {
			isa = PBXSourcesBuildPhase;
			buildActionMask = 2147483647;
			files = (
				567C4B9127B605F900669EF6 /* CounterAppTests.swift in Sources */,
			);
			runOnlyForDeploymentPostprocessing = 0;
		};
		567C4B9227B605F900669EF6 /* Sources */ = {
			isa = PBXSourcesBuildPhase;
			buildActionMask = 2147483647;
			files = (
				567C4B9B27B605F900669EF6 /* CounterAppUITests.swift in Sources */,
				567C4B9D27B605F900669EF6 /* CounterAppUITestsLaunchTests.swift in Sources */,
			);
			runOnlyForDeploymentPostprocessing = 0;
		};
/* End PBXSourcesBuildPhase section */

/* Begin PBXTargetDependency section */
		567C4B8E27B605F900669EF6 /* PBXTargetDependency */ = {
			isa = PBXTargetDependency;
			target = 567C4B7527B605F700669EF6 /* CounterApp */;
			targetProxy = 567C4B8D27B605F900669EF6 /* PBXContainerItemProxy */;
		};
		567C4B9827B605F900669EF6 /* PBXTargetDependency */ = {
			isa = PBXTargetDependency;
			target = 567C4B7527B605F700669EF6 /* CounterApp */;
			targetProxy = 567C4B9727B605F900669EF6 /* PBXContainerItemProxy */;
		};
/* End PBXTargetDependency section */

/* Begin PBXVariantGroup section */
		567C4B7F27B605F700669EF6 /* Main.storyboard */ = {
			isa = PBXVariantGroup;
			children = (
				567C4B8027B605F700669EF6 /* Base */,
			);
			name = Main.storyboard;
			sourceTree = "<group>";
		};
		567C4B8427B605F900669EF6 /* LaunchScreen.storyboard */ = {
			isa = PBXVariantGroup;
			children = (
				567C4B8527B605F900669EF6 /* Base */,
			);
			name = LaunchScreen.storyboard;
			sourceTree = "<group>";
		};
/* End PBXVariantGroup section */

/* Begin XCBuildConfiguration section */
		567C4B9E27B605F900669EF6 /* Debug */ = {
			isa = XCBuildConfiguration;
			buildSettings = {
				ALWAYS_SEARCH_USER_PATHS = NO;
				CLANG_ANALYZER_NONNULL = YES;
				CLANG_ANALYZER_NUMBER_OBJECT_CONVERSION = YES_AGGRESSIVE;
				CLANG_CXX_LANGUAGE_STANDARD = "gnu++17";
				CLANG_CXX_LIBRARY = "libc++";
				CLANG_ENABLE_MODULES = YES;
				CLANG_ENABLE_OBJC_ARC = YES;
				CLANG_ENABLE_OBJC_WEAK = YES;
				CLANG_WARN_BLOCK_CAPTURE_AUTORELEASING = YES;
				CLANG_WARN_BOOL_CONVERSION = YES;
				CLANG_WARN_COMMA = YES;
				CLANG_WARN_CONSTANT_CONVERSION = YES;
				CLANG_WARN_DEPRECATED_OBJC_IMPLEMENTATIONS = YES;
				CLANG_WARN_DIRECT_OBJC_ISA_USAGE = YES_ERROR;
				CLANG_WARN_DOCUMENTATION_COMMENTS = YES;
				CLANG_WARN_EMPTY_BODY = YES;
				CLANG_WARN_ENUM_CONVERSION = YES;
				CLANG_WARN_INFINITE_RECURSION = YES;
				CLANG_WARN_INT_CONVERSION = YES;
				CLANG_WARN_NON_LITERAL_NULL_CONVERSION = YES;
				CLANG_WARN_OBJC_IMPLICIT_RETAIN_SELF = YES;
				CLANG_WARN_OBJC_LITERAL_CONVERSION = YES;
				CLANG_WARN_OBJC_ROOT_CLASS = YES_ERROR;
				CLANG_WARN_QUOTED_INCLUDE_IN_FRAMEWORK_HEADER = YES;
				CLANG_WARN_RANGE_LOOP_ANALYSIS = YES;
				CLANG_WARN_STRICT_PROTOTYPES = YES;
				CLANG_WARN_SUSPICIOUS_MOVE = YES;
				CLANG_WARN_UNGUARDED_AVAILABILITY = YES_AGGRESSIVE;
				CLANG_WARN_UNREACHABLE_CODE = YES;
				CLANG_WARN__DUPLICATE_METHOD_MATCH = YES;
				COPY_PHASE_STRIP = NO;
				DEBUG_INFORMATION_FORMAT = dwarf;
				ENABLE_STRICT_OBJC_MSGSEND = YES;
				ENABLE_TESTABILITY = YES;
				GCC_C_LANGUAGE_STANDARD = gnu11;
				GCC_DYNAMIC_NO_PIC = NO;
				GCC_NO_COMMON_BLOCKS = YES;
				GCC_OPTIMIZATION_LEVEL = 0;
				GCC_PREPROCESSOR_DEFINITIONS = (
					"DEBUG=1",
					"$(inherited)",
				);
				GCC_WARN_64_TO_32_BIT_CONVERSION = YES;
				GCC_WARN_ABOUT_RETURN_TYPE = YES_ERROR;
				GCC_WARN_UNDECLARED_SELECTOR = YES;
				GCC_WARN_UNINITIALIZED_AUTOS = YES_AGGRESSIVE;
				GCC_WARN_UNUSED_FUNCTION = YES;
				GCC_WARN_UNUSED_VARIABLE = YES;
				IPHONEOS_DEPLOYMENT_TARGET = 15.2;
				MTL_ENABLE_DEBUG_INFO = INCLUDE_SOURCE;
				MTL_FAST_MATH = YES;
				ONLY_ACTIVE_ARCH = YES;
				SDKROOT = iphoneos;
				SWIFT_ACTIVE_COMPILATION_CONDITIONS = DEBUG;
				SWIFT_OPTIMIZATION_LEVEL = "-Onone";
			};
			name = Debug;
		};
		567C4B9F27B605F900669EF6 /* Release */ = {
			isa = XCBuildConfiguration;
			buildSettings = {
				ALWAYS_SEARCH_USER_PATHS = NO;
				CLANG_ANALYZER_NONNULL = YES;
				CLANG_ANALYZER_NUMBER_OBJECT_CONVERSION = YES_AGGRESSIVE;
				CLANG_CXX_LANGUAGE_STANDARD = "gnu++17";
				CLANG_CXX_LIBRARY = "libc++";
				CLANG_ENABLE_MODULES = YES;
				CLANG_ENABLE_OBJC_ARC = YES;
				CLANG_ENABLE_OBJC_WEAK = YES;
				CLANG_WARN_BLOCK_CAPTURE_AUTORELEASING = YES;
				CLANG_WARN_BOOL_CONVERSION = YES;
				CLANG_WARN_COMMA = YES;
				CLANG_WARN_CONSTANT_CONVERSION = YES;
				CLANG_WARN_DEPRECATED_OBJC_IMPLEMENTATIONS = YES;
				CLANG_WARN_DIRECT_OBJC_ISA_USAGE = YES_ERROR;
				CLANG_WARN_DOCUMENTATION_COMMENTS = YES;
				CLANG_WARN_EMPTY_BODY = YES;
				CLANG_WARN_ENUM_CONVERSION = YES;
				CLANG_WARN_INFINITE_RECURSION = YES;
				CLANG_WARN_INT_CONVERSION = YES;
				CLANG_WARN_NON_LITERAL_NULL_CONVERSION = YES;
				CLANG_WARN_OBJC_IMPLICIT_RETAIN_SELF = YES;
				CLANG_WARN_OBJC_LITERAL_CONVERSION = YES;
				CLANG_WARN_OBJC_ROOT_CLASS = YES_ERROR;
				CLANG_WARN_QUOTED_INCLUDE_IN_FRAMEWORK_HEADER = YES;
				CLANG_WARN_RANGE_LOOP_ANALYSIS = YES;
				CLANG_WARN_STRICT_PROTOTYPES = YES;
				CLANG_WARN_SUSPICIOUS_MOVE = YES;
				CLANG_WARN_UNGUARDED_AVAILABILITY = YES_AGGRESSIVE;
				CLANG_WARN_UNREACHABLE_CODE = YES;
				CLANG_WARN__DUPLICATE_METHOD_MATCH = YES;
				COPY_PHASE_STRIP = NO;
				DEBUG_INFORMATION_FORMAT = "dwarf-with-dsym";
				ENABLE_NS_ASSERTIONS = NO;
				ENABLE_STRICT_OBJC_MSGSEND = YES;
				GCC_C_LANGUAGE_STANDARD = gnu11;
				GCC_NO_COMMON_BLOCKS = YES;
				GCC_WARN_64_TO_32_BIT_CONVERSION = YES;
				GCC_WARN_ABOUT_RETURN_TYPE = YES_ERROR;
				GCC_WARN_UNDECLARED_SELECTOR = YES;
				GCC_WARN_UNINITIALIZED_AUTOS = YES_AGGRESSIVE;
				GCC_WARN_UNUSED_FUNCTION = YES;
				GCC_WARN_UNUSED_VARIABLE = YES;
				IPHONEOS_DEPLOYMENT_TARGET = 15.2;
				MTL_ENABLE_DEBUG_INFO = NO;
				MTL_FAST_MATH = YES;
				SDKROOT = iphoneos;
				SWIFT_COMPILATION_MODE = wholemodule;
				SWIFT_OPTIMIZATION_LEVEL = "-O";
				VALIDATE_PRODUCT = YES;
			};
			name = Release;
		};
		567C4BA127B605F900669EF6 /* Debug */ = {
			isa = XCBuildConfiguration;
			buildSettings = {
				ASSETCATALOG_COMPILER_APPICON_NAME = AppIcon;
				ASSETCATALOG_COMPILER_GLOBAL_ACCENT_COLOR_NAME = AccentColor;
				CODE_SIGN_STYLE = Automatic;
				CURRENT_PROJECT_VERSION = 1;
				DEVELOPMENT_TEAM = R56KU3FXY5;
				GENERATE_INFOPLIST_FILE = YES;
				INFOPLIST_FILE = CounterApp/Info.plist;
				INFOPLIST_KEY_UIApplicationSupportsIndirectInputEvents = YES;
				INFOPLIST_KEY_UILaunchStoryboardName = LaunchScreen;
				INFOPLIST_KEY_UIMainStoryboardFile = Main;
				INFOPLIST_KEY_UISupportedInterfaceOrientations_iPad = "UIInterfaceOrientationPortrait UIInterfaceOrientationPortraitUpsideDown UIInterfaceOrientationLandscapeLeft UIInterfaceOrientationLandscapeRight";
				INFOPLIST_KEY_UISupportedInterfaceOrientations_iPhone = "UIInterfaceOrientationPortrait UIInterfaceOrientationLandscapeLeft UIInterfaceOrientationLandscapeRight";
				LD_RUNPATH_SEARCH_PATHS = (
					"$(inherited)",
					"@executable_path/Frameworks",
				);
				MARKETING_VERSION = 1.0;
				PRODUCT_BUNDLE_IDENTIFIER = com.Rachel.CounterApp;
				PRODUCT_NAME = "$(TARGET_NAME)";
				SWIFT_EMIT_LOC_STRINGS = YES;
				SWIFT_VERSION = 5.0;
				TARGETED_DEVICE_FAMILY = "1,2";
			};
			name = Debug;
		};
		567C4BA227B605F900669EF6 /* Release */ = {
			isa = XCBuildConfiguration;
			buildSettings = {
				ASSETCATALOG_COMPILER_APPICON_NAME = AppIcon;
				ASSETCATALOG_COMPILER_GLOBAL_ACCENT_COLOR_NAME = AccentColor;
				CODE_SIGN_STYLE = Automatic;
				CURRENT_PROJECT_VERSION = 1;
				DEVELOPMENT_TEAM = R56KU3FXY5;
				GENERATE_INFOPLIST_FILE = YES;
				INFOPLIST_FILE = CounterApp/Info.plist;
				INFOPLIST_KEY_UIApplicationSupportsIndirectInputEvents = YES;
				INFOPLIST_KEY_UILaunchStoryboardName = LaunchScreen;
				INFOPLIST_KEY_UIMainStoryboardFile = Main;
				INFOPLIST_KEY_UISupportedInterfaceOrientations_iPad = "UIInterfaceOrientationPortrait UIInterfaceOrientationPortraitUpsideDown UIInterfaceOrientationLandscapeLeft UIInterfaceOrientationLandscapeRight";
				INFOPLIST_KEY_UISupportedInterfaceOrientations_iPhone = "UIInterfaceOrientationPortrait UIInterfaceOrientationLandscapeLeft UIInterfaceOrientationLandscapeRight";
				LD_RUNPATH_SEARCH_PATHS = (
					"$(inherited)",
					"@executable_path/Frameworks",
				);
				MARKETING_VERSION = 1.0;
				PRODUCT_BUNDLE_IDENTIFIER = com.Rachel.CounterApp;
				PRODUCT_NAME = "$(TARGET_NAME)";
				SWIFT_EMIT_LOC_STRINGS = YES;
				SWIFT_VERSION = 5.0;
				TARGETED_DEVICE_FAMILY = "1,2";
			};
			name = Release;
		};
		567C4BA427B605F900669EF6 /* Debug */ = {
			isa = XCBuildConfiguration;
			buildSettings = {
				ALWAYS_EMBED_SWIFT_STANDARD_LIBRARIES = YES;
				BUNDLE_LOADER = "$(TEST_HOST)";
				CODE_SIGN_STYLE = Automatic;
				CURRENT_PROJECT_VERSION = 1;
				DEVELOPMENT_TEAM = R56KU3FXY5;
				GENERATE_INFOPLIST_FILE = YES;
				IPHONEOS_DEPLOYMENT_TARGET = 15.2;
				MARKETING_VERSION = 1.0;
				PRODUCT_BUNDLE_IDENTIFIER = com.Rachel.CounterAppTests;
				PRODUCT_NAME = "$(TARGET_NAME)";
				SWIFT_EMIT_LOC_STRINGS = NO;
				SWIFT_VERSION = 5.0;
				TARGETED_DEVICE_FAMILY = "1,2";
				TEST_HOST = "$(BUILT_PRODUCTS_DIR)/CounterApp.app/CounterApp";
			};
			name = Debug;
		};
		567C4BA527B605F900669EF6 /* Release */ = {
			isa = XCBuildConfiguration;
			buildSettings = {
				ALWAYS_EMBED_SWIFT_STANDARD_LIBRARIES = YES;
				BUNDLE_LOADER = "$(TEST_HOST)";
				CODE_SIGN_STYLE = Automatic;
				CURRENT_PROJECT_VERSION = 1;
				DEVELOPMENT_TEAM = R56KU3FXY5;
				GENERATE_INFOPLIST_FILE = YES;
				IPHONEOS_DEPLOYMENT_TARGET = 15.2;
				MARKETING_VERSION = 1.0;
				PRODUCT_BUNDLE_IDENTIFIER = com.Rachel.CounterAppTests;
				PRODUCT_NAME = "$(TARGET_NAME)";
				SWIFT_EMIT_LOC_STRINGS = NO;
				SWIFT_VERSION = 5.0;
				TARGETED_DEVICE_FAMILY = "1,2";
				TEST_HOST = "$(BUILT_PRODUCTS_DIR)/CounterApp.app/CounterApp";
			};
			name = Release;
		};
		567C4BA727B605F900669EF6 /* Debug */ = {
			isa = XCBuildConfiguration;
			buildSettings = {
				ALWAYS_EMBED_SWIFT_STANDARD_LIBRARIES = YES;
				CODE_SIGN_STYLE = Automatic;
				CURRENT_PROJECT_VERSION = 1;
				DEVELOPMENT_TEAM = R56KU3FXY5;
				GENERATE_INFOPLIST_FILE = YES;
				MARKETING_VERSION = 1.0;
				PRODUCT_BUNDLE_IDENTIFIER = com.Rachel.CounterAppUITests;
				PRODUCT_NAME = "$(TARGET_NAME)";
				SWIFT_EMIT_LOC_STRINGS = NO;
				SWIFT_VERSION = 5.0;
				TARGETED_DEVICE_FAMILY = "1,2";
				TEST_TARGET_NAME = CounterApp;
			};
			name = Debug;
		};
		567C4BA827B605F900669EF6 /* Release */ = {
			isa = XCBuildConfiguration;
			buildSettings = {
				ALWAYS_EMBED_SWIFT_STANDARD_LIBRARIES = YES;
				CODE_SIGN_STYLE = Automatic;
				CURRENT_PROJECT_VERSION = 1;
				DEVELOPMENT_TEAM = R56KU3FXY5;
				GENERATE_INFOPLIST_FILE = YES;
				MARKETING_VERSION = 1.0;
				PRODUCT_BUNDLE_IDENTIFIER = com.Rachel.CounterAppUITests;
				PRODUCT_NAME = "$(TARGET_NAME)";
				SWIFT_EMIT_LOC_STRINGS = NO;
				SWIFT_VERSION = 5.0;
				TARGETED_DEVICE_FAMILY = "1,2";
				TEST_TARGET_NAME = CounterApp;
			};
			name = Release;
		};
/* End XCBuildConfiguration section */

/* Begin XCConfigurationList section */
		567C4B7127B605F700669EF6 /* Build configuration list for PBXProject "CounterApp" */ = {
			isa = XCConfigurationList;
			buildConfigurations = (
				567C4B9E27B605F900669EF6 /* Debug */,
				567C4B9F27B605F900669EF6 /* Release */,
			);
			defaultConfigurationIsVisible = 0;
			defaultConfigurationName = Release;
		};
		567C4BA027B605F900669EF6 /* Build configuration list for PBXNativeTarget "CounterApp" */ = {
			isa = XCConfigurationList;
			buildConfigurations = (
				567C4BA127B605F900669EF6 /* Debug */,
				567C4BA227B605F900669EF6 /* Release */,
			);
			defaultConfigurationIsVisible = 0;
			defaultConfigurationName = Release;
		};
		567C4BA327B605F900669EF6 /* Build configuration list for PBXNativeTarget "CounterAppTests" */ = {
			isa = XCConfigurationList;
			buildConfigurations = (
				567C4BA427B605F900669EF6 /* Debug */,
				567C4BA527B605F900669EF6 /* Release */,
			);
			defaultConfigurationIsVisible = 0;
			defaultConfigurationName = Release;
		};
		567C4BA627B605F900669EF6 /* Build configuration list for PBXNativeTarget "CounterAppUITests" */ = {
			isa = XCConfigurationList;
			buildConfigurations = (
				567C4BA727B605F900669EF6 /* Debug */,
				567C4BA827B605F900669EF6 /* Release */,
			);
			defaultConfigurationIsVisible = 0;
			defaultConfigurationName = Release;
		};
/* End XCConfigurationList section */
	};
	rootObject = 567C4B6E27B605F700669EF6 /* Project object */;
}
